
Microsoft Visual Studio Solution File, Format Version 12.00
# Visual Studio Version 17
VisualStudioVersion = 17.4.33205.214
MinimumVisualStudioVersion = 10.0.40219.1
Project("{888888A0-9F3D-457C-B088-3A5042F75D52}") = "mustrid vadim krivo", "mustrid vadim krivo\mustrid vadim krivo.pyproj", "{F85618A1-0BDE-48ED-AEFA-D30E646996AD}"
EndProject
Global
	GlobalSection(SolutionConfigurationPlatforms) = preSolution
		Debug|Any CPU = Debug|Any CPU
		Release|Any CPU = Release|Any CPU
	EndGlobalSection
	GlobalSection(ProjectConfigurationPlatforms) = postSolution
		{F85618A1-0BDE-48ED-AEFA-D30E646996AD}.Debug|Any CPU.ActiveCfg = Debug|Any CPU
		{F85618A1-0BDE-48ED-AEFA-D30E646996AD}.Release|Any CPU.ActiveCfg = Release|Any CPU
	EndGlobalSection
	GlobalSection(SolutionProperties) = preSolution
		HideSolutionNode = FALSE
	EndGlobalSection
	GlobalSection(ExtensibilityGlobals) = postSolution
		SolutionGuid = {DD6E7109-773F-4F86-865E-3F08B3E42786}
	EndGlobalSection
EndGlobal
